
Microsoft Visual Studio Solution File, Format Version 12.00
# Visual Studio Version 17
VisualStudioVersion = 17.8.34525.116
MinimumVisualStudioVersion = 10.0.40219.1
Project("{FAE04EC0-301F-11D3-BF4B-00C04F79EFBC}") = "Lista_1_ex9", "Lista_1_ex9\Lista_1_ex9.csproj", "{F8BE5E75-68F1-4D9A-9CEB-7617BC82677E}"
EndProject
Global
	GlobalSection(SolutionConfigurationPlatforms) = preSolution
		Debug|Any CPU = Debug|Any CPU
		Release|Any CPU = Release|Any CPU
	EndGlobalSection
	GlobalSection(ProjectConfigurationPlatforms) = postSolution
		{F8BE5E75-68F1-4D9A-9CEB-7617BC82677E}.Debug|Any CPU.ActiveCfg = Debug|Any CPU
		{F8BE5E75-68F1-4D9A-9CEB-7617BC82677E}.Debug|Any CPU.Build.0 = Debug|Any CPU
		{F8BE5E75-68F1-4D9A-9CEB-7617BC82677E}.Release|Any CPU.ActiveCfg = Release|Any CPU
		{F8BE5E75-68F1-4D9A-9CEB-7617BC82677E}.Release|Any CPU.Build.0 = Release|Any CPU
	EndGlobalSection
	GlobalSection(SolutionProperties) = preSolution
		HideSolutionNode = FALSE
	EndGlobalSection
	GlobalSection(ExtensibilityGlobals) = postSolution
		SolutionGuid = {DE4B761E-40E7-4844-AF79-C8302F62C585}
	EndGlobalSection
EndGlobal
